// !$*UTF8*$!
{
	archiveVersion = 1;
	classes = {
	};
	objectVersion = 46;
	objects = {

/* Begin PBXBuildFile section */
		F040B97D1E765A8900F2F8E2 /* AppDelegate.swift in Sources */ = {isa = PBXBuildFile; fileRef = F040B97C1E765A8900F2F8E2 /* AppDelegate.swift */; };
		F040B97F1E765A8900F2F8E2 /* ViewController.swift in Sources */ = {isa = PBXBuildFile; fileRef = F040B97E1E765A8900F2F8E2 /* ViewController.swift */; };
		F040B9821E765A8900F2F8E2 /* Main.storyboard in Resources */ = {isa = PBXBuildFile; fileRef = F040B9801E765A8900F2F8E2 /* Main.storyboard */; };
		F040B9841E765A8900F2F8E2 /* Assets.xcassets in Resources */ = {isa = PBXBuildFile; fileRef = F040B9831E765A8900F2F8E2 /* Assets.xcassets */; };
		F040B9871E765A8900F2F8E2 /* LaunchScreen.storyboard in Resources */ = {isa = PBXBuildFile; fileRef = F040B9851E765A8900F2F8E2 /* LaunchScreen.storyboard */; };
		F040B9921E765A8A00F2F8E2 /* DSteilen_AddressHistoryTests.swift in Sources */ = {isa = PBXBuildFile; fileRef = F040B9911E765A8A00F2F8E2 /* DSteilen_AddressHistoryTests.swift */; };
		F040B99D1E765A8A00F2F8E2 /* DSteilen_AddressHistoryUITests.swift in Sources */ = {isa = PBXBuildFile; fileRef = F040B99C1E765A8A00F2F8E2 /* DSteilen_AddressHistoryUITests.swift */; };
/* End PBXBuildFile section */

/* Begin PBXContainerItemProxy section */
		F040B98E1E765A8A00F2F8E2 /* PBXContainerItemProxy */ = {
			isa = PBXContainerItemProxy;
			containerPortal = F040B9711E765A8900F2F8E2 /* Project object */;
			proxyType = 1;
			remoteGlobalIDString = F040B9781E765A8900F2F8E2;
			remoteInfo = "DSteilen-AddressHistory";
		};
		F040B9991E765A8A00F2F8E2 /* PBXContainerItemProxy */ = {
			isa = PBXContainerItemProxy;
			containerPortal = F040B9711E765A8900F2F8E2 /* Project object */;
			proxyType = 1;
			remoteGlobalIDString = F040B9781E765A8900F2F8E2;
			remoteInfo = "DSteilen-AddressHistory";
		};
/* End PBXContainerItemProxy section */

/* Begin PBXFileReference section */
		F040B9791E765A8900F2F8E2 /* DSteilen-AddressHistory.app */ = {isa = PBXFileReference; explicitFileType = wrapper.application; includeInIndex = 0; path = "DSteilen-AddressHistory.app"; sourceTree = BUILT_PRODUCTS_DIR; };
		F040B97C1E765A8900F2F8E2 /* AppDelegate.swift */ = {isa = PBXFileReference; lastKnownFileType = sourcecode.swift; path = AppDelegate.swift; sourceTree = "<group>"; };
		F040B97E1E765A8900F2F8E2 /* ViewController.swift */ = {isa = PBXFileReference; lastKnownFileType = sourcecode.swift; path = ViewController.swift; sourceTree = "<group>"; };
		F040B9811E765A8900F2F8E2 /* Base */ = {isa = PBXFileReference; lastKnownFileType = file.storyboard; name = Base; path = Base.lproj/Main.storyboard; sourceTree = "<group>"; };
		F040B9831E765A8900F2F8E2 /* Assets.xcassets */ = {isa = PBXFileReference; lastKnownFileType = folder.assetcatalog; path = Assets.xcassets; sourceTree = "<group>"; };
		F040B9861E765A8900F2F8E2 /* Base */ = {isa = PBXFileReference; lastKnownFileType = file.storyboard; name = Base; path = Base.lproj/LaunchScreen.storyboard; sourceTree = "<group>"; };
		F040B9881E765A8900F2F8E2 /* Info.plist */ = {isa = PBXFileReference; lastKnownFileType = text.plist.xml; path = Info.plist; sourceTree = "<group>"; };
		F040B98D1E765A8A00F2F8E2 /* DSteilen-AddressHistoryTests.xctest */ = {isa = PBXFileReference; explicitFileType = wrapper.cfbundle; includeInIndex = 0; path = "DSteilen-AddressHistoryTests.xctest"; sourceTree = BUILT_PRODUCTS_DIR; };
		F040B9911E765A8A00F2F8E2 /* DSteilen_AddressHistoryTests.swift */ = {isa = PBXFileReference; lastKnownFileType = sourcecode.swift; path = DSteilen_AddressHistoryTests.swift; sourceTree = "<group>"; };
		F040B9931E765A8A00F2F8E2 /* Info.plist */ = {isa = PBXFileReference; lastKnownFileType = text.plist.xml; path = Info.plist; sourceTree = "<group>"; };
		F040B9981E765A8A00F2F8E2 /* DSteilen-AddressHistoryUITests.xctest */ = {isa = PBXFileReference; explicitFileType = wrapper.cfbundle; includeInIndex = 0; path = "DSteilen-AddressHistoryUITests.xctest"; sourceTree = BUILT_PRODUCTS_DIR; };
		F040B99C1E765A8A00F2F8E2 /* DSteilen_AddressHistoryUITests.swift */ = {isa = PBXFileReference; lastKnownFileType = sourcecode.swift; path = DSteilen_AddressHistoryUITests.swift; sourceTree = "<group>"; };
		F040B99E1E765A8A00F2F8E2 /* Info.plist */ = {isa = PBXFileReference; lastKnownFileType = text.plist.xml; path = Info.plist; sourceTree = "<group>"; };
/* End PBXFileReference section */

/* Begin PBXFrameworksBuildPhase section */
		F040B9761E765A8900F2F8E2 /* Frameworks */ = {
			isa = PBXFrameworksBuildPhase;
			buildActionMask = 2147483647;
			files = (
			);
			runOnlyForDeploymentPostprocessing = 0;
		};
		F040B98A1E765A8A00F2F8E2 /* Frameworks */ = {
			isa = PBXFrameworksBuildPhase;
			buildActionMask = 2147483647;
			files = (
			);
			runOnlyForDeploymentPostprocessing = 0;
		};
		F040B9951E765A8A00F2F8E2 /* Frameworks */ = {
			isa = PBXFrameworksBuildPhase;
			buildActionMask = 2147483647;
			files = (
			);
			runOnlyForDeploymentPostprocessing = 0;
		};
/* End PBXFrameworksBuildPhase section */

/* Begin PBXGroup section */
		F040B9701E765A8900F2F8E2 = {
			isa = PBXGroup;
			children = (
				F040B97B1E765A8900F2F8E2 /* DSteilen-AddressHistory */,
				F040B9901E765A8A00F2F8E2 /* DSteilen-AddressHistoryTests */,
				F040B99B1E765A8A00F2F8E2 /* DSteilen-AddressHistoryUITests */,
				F040B97A1E765A8900F2F8E2 /* Products */,
			);
			sourceTree = "<group>";
		};
		F040B97A1E765A8900F2F8E2 /* Products */ = {
			isa = PBXGroup;
			children = (
				F040B9791E765A8900F2F8E2 /* DSteilen-AddressHistory.app */,
				F040B98D1E765A8A00F2F8E2 /* DSteilen-AddressHistoryTests.xctest */,
				F040B9981E765A8A00F2F8E2 /* DSteilen-AddressHistoryUITests.xctest */,
			);
			name = Products;
			sourceTree = "<group>";
		};
		F040B97B1E765A8900F2F8E2 /* DSteilen-AddressHistory */ = {
			isa = PBXGroup;
			children = (
				F040B97C1E765A8900F2F8E2 /* AppDelegate.swift */,
				F040B97E1E765A8900F2F8E2 /* ViewController.swift */,
				F040B9801E765A8900F2F8E2 /* Main.storyboard */,
				F040B9831E765A8900F2F8E2 /* Assets.xcassets */,
				F040B9851E765A8900F2F8E2 /* LaunchScreen.storyboard */,
				F040B9881E765A8900F2F8E2 /* Info.plist */,
			);
			path = "DSteilen-AddressHistory";
			sourceTree = "<group>";
		};
		F040B9901E765A8A00F2F8E2 /* DSteilen-AddressHistoryTests */ = {
			isa = PBXGroup;
			children = (
				F040B9911E765A8A00F2F8E2 /* DSteilen_AddressHistoryTests.swift */,
				F040B9931E765A8A00F2F8E2 /* Info.plist */,
			);
			path = "DSteilen-AddressHistoryTests";
			sourceTree = "<group>";
		};
		F040B99B1E765A8A00F2F8E2 /* DSteilen-AddressHistoryUITests */ = {
			isa = PBXGroup;
			children = (
				F040B99C1E765A8A00F2F8E2 /* DSteilen_AddressHistoryUITests.swift */,
				F040B99E1E765A8A00F2F8E2 /* Info.plist */,
			);
			path = "DSteilen-AddressHistoryUITests";
			sourceTree = "<group>";
		};
/* End PBXGroup section */

/* Begin PBXNativeTarget section */
		F040B9781E765A8900F2F8E2 /* DSteilen-AddressHistory */ = {
			isa = PBXNativeTarget;
			buildConfigurationList = F040B9A11E765A8A00F2F8E2 /* Build configuration list for PBXNativeTarget "DSteilen-AddressHistory" */;
			buildPhases = (
				F040B9751E765A8900F2F8E2 /* Sources */,
				F040B9761E765A8900F2F8E2 /* Frameworks */,
				F040B9771E765A8900F2F8E2 /* Resources */,
			);
			buildRules = (
			);
			dependencies = (
			);
			name = "DSteilen-AddressHistory";
			productName = "DSteilen-AddressHistory";
			productReference = F040B9791E765A8900F2F8E2 /* DSteilen-AddressHistory.app */;
			productType = "com.apple.product-type.application";
		};
		F040B98C1E765A8A00F2F8E2 /* DSteilen-AddressHistoryTests */ = {
			isa = PBXNativeTarget;
			buildConfigurationList = F040B9A41E765A8A00F2F8E2 /* Build configuration list for PBXNativeTarget "DSteilen-AddressHistoryTests" */;
			buildPhases = (
				F040B9891E765A8A00F2F8E2 /* Sources */,
				F040B98A1E765A8A00F2F8E2 /* Frameworks */,
				F040B98B1E765A8A00F2F8E2 /* Resources */,
			);
			buildRules = (
			);
			dependencies = (
				F040B98F1E765A8A00F2F8E2 /* PBXTargetDependency */,
			);
			name = "DSteilen-AddressHistoryTests";
			productName = "DSteilen-AddressHistoryTests";
			productReference = F040B98D1E765A8A00F2F8E2 /* DSteilen-AddressHistoryTests.xctest */;
			productType = "com.apple.product-type.bundle.unit-test";
		};
		F040B9971E765A8A00F2F8E2 /* DSteilen-AddressHistoryUITests */ = {
			isa = PBXNativeTarget;
			buildConfigurationList = F040B9A71E765A8A00F2F8E2 /* Build configuration list for PBXNativeTarget "DSteilen-AddressHistoryUITests" */;
			buildPhases = (
				F040B9941E765A8A00F2F8E2 /* Sources */,
				F040B9951E765A8A00F2F8E2 /* Frameworks */,
				F040B9961E765A8A00F2F8E2 /* Resources */,
			);
			buildRules = (
			);
			dependencies = (
				F040B99A1E765A8A00F2F8E2 /* PBXTargetDependency */,
			);
			name = "DSteilen-AddressHistoryUITests";
			productName = "DSteilen-AddressHistoryUITests";
			productReference = F040B9981E765A8A00F2F8E2 /* DSteilen-AddressHistoryUITests.xctest */;
			productType = "com.apple.product-type.bundle.ui-testing";
		};
/* End PBXNativeTarget section */

/* Begin PBXProject section */
		F040B9711E765A8900F2F8E2 /* Project object */ = {
			isa = PBXProject;
			attributes = {
				LastSwiftUpdateCheck = 0820;
				LastUpgradeCheck = 0820;
				ORGANIZATIONNAME = DSteilen;
				TargetAttributes = {
					F040B9781E765A8900F2F8E2 = {
						CreatedOnToolsVersion = 8.2.1;
						DevelopmentTeam = P47VF847NZ;
						ProvisioningStyle = Automatic;
					};
					F040B98C1E765A8A00F2F8E2 = {
						CreatedOnToolsVersion = 8.2.1;
						DevelopmentTeam = P47VF847NZ;
						ProvisioningStyle = Automatic;
						TestTargetID = F040B9781E765A8900F2F8E2;
					};
					F040B9971E765A8A00F2F8E2 = {
						CreatedOnToolsVersion = 8.2.1;
						DevelopmentTeam = P47VF847NZ;
						ProvisioningStyle = Automatic;
						TestTargetID = F040B9781E765A8900F2F8E2;
					};
				};
			};
			buildConfigurationList = F040B9741E765A8900F2F8E2 /* Build configuration list for PBXProject "DSteilen-AddressHistory" */;
			compatibilityVersion = "Xcode 3.2";
			developmentRegion = English;
			hasScannedForEncodings = 0;
			knownRegions = (
				en,
				Base,
			);
			mainGroup = F040B9701E765A8900F2F8E2;
			productRefGroup = F040B97A1E765A8900F2F8E2 /* Products */;
			projectDirPath = "";
			projectRoot = "";
			targets = (
				F040B9781E765A8900F2F8E2 /* DSteilen-AddressHistory */,
				F040B98C1E765A8A00F2F8E2 /* DSteilen-AddressHistoryTests */,
				F040B9971E765A8A00F2F8E2 /* DSteilen-AddressHistoryUITests */,
			);
		};
/* End PBXProject section */

/* Begin PBXResourcesBuildPhase section */
		F040B9771E765A8900F2F8E2 /* Resources */ = {
			isa = PBXResourcesBuildPhase;
			buildActionMask = 2147483647;
			files = (
				F040B9871E765A8900F2F8E2 /* LaunchScreen.storyboard in Resources */,
				F040B9841E765A8900F2F8E2 /* Assets.xcassets in Resources */,
				F040B9821E765A8900F2F8E2 /* Main.storyboard in Resources */,
			);
			runOnlyForDeploymentPostprocessing = 0;
		};
		F040B98B1E765A8A00F2F8E2 /* Resources */ = {
			isa = PBXResourcesBuildPhase;
			buildActionMask = 2147483647;
			files = (
			);
			runOnlyForDeploymentPostprocessing = 0;
		};
		F040B9961E765A8A00F2F8E2 /* Resources */ = {
			isa = PBXResourcesBuildPhase;
			buildActionMask = 2147483647;
			files = (
			);
			runOnlyForDeploymentPostprocessing = 0;
		};
/* End PBXResourcesBuildPhase section */

/* Begin PBXSourcesBuildPhase section */
		F040B9751E765A8900F2F8E2 /* Sources */ = {
			isa = PBXSourcesBuildPhase;
			buildActionMask = 2147483647;
			files = (
				F040B97F1E765A8900F2F8E2 /* ViewController.swift in Sources */,
				F040B97D1E765A8900F2F8E2 /* AppDelegate.swift in Sources */,
			);
			runOnlyForDeploymentPostprocessing = 0;
		};
		F040B9891E765A8A00F2F8E2 /* Sources */ = {
			isa = PBXSourcesBuildPhase;
			buildActionMask = 2147483647;
			files = (
				F040B9921E765A8A00F2F8E2 /* DSteilen_AddressHistoryTests.swift in Sources */,
			);
			runOnlyForDeploymentPostprocessing = 0;
		};
		F040B9941E765A8A00F2F8E2 /* Sources */ = {
			isa = PBXSourcesBuildPhase;
			buildActionMask = 2147483647;
			files = (
				F040B99D1E765A8A00F2F8E2 /* DSteilen_AddressHistoryUITests.swift in Sources */,
			);
			runOnlyForDeploymentPostprocessing = 0;
		};
/* End PBXSourcesBuildPhase section */

/* Begin PBXTargetDependency section */
		F040B98F1E765A8A00F2F8E2 /* PBXTargetDependency */ = {
			isa = PBXTargetDependency;
			target = F040B9781E765A8900F2F8E2 /* DSteilen-AddressHistory */;
			targetProxy = F040B98E1E765A8A00F2F8E2 /* PBXContainerItemProxy */;
		};
		F040B99A1E765A8A00F2F8E2 /* PBXTargetDependency */ = {
			isa = PBXTargetDependency;
			target = F040B9781E765A8900F2F8E2 /* DSteilen-AddressHistory */;
			targetProxy = F040B9991E765A8A00F2F8E2 /* PBXContainerItemProxy */;
		};
/* End PBXTargetDependency section */

/* Begin PBXVariantGroup section */
		F040B9801E765A8900F2F8E2 /* Main.storyboard */ = {
			isa = PBXVariantGroup;
			children = (
				F040B9811E765A8900F2F8E2 /* Base */,
			);
			name = Main.storyboard;
			sourceTree = "<group>";
		};
		F040B9851E765A8900F2F8E2 /* LaunchScreen.storyboard */ = {
			isa = PBXVariantGroup;
			children = (
				F040B9861E765A8900F2F8E2 /* Base */,
			);
			name = LaunchScreen.storyboard;
			sourceTree = "<group>";
		};
/* End PBXVariantGroup section */

/* Begin XCBuildConfiguration section */
		F040B99F1E765A8A00F2F8E2 /* Debug */ = {
			isa = XCBuildConfiguration;
			buildSettings = {
				ALWAYS_SEARCH_USER_PATHS = NO;
				CLANG_ANALYZER_NONNULL = YES;
				CLANG_CXX_LANGUAGE_STANDARD = "gnu++0x";
				CLANG_CXX_LIBRARY = "libc++";
				CLANG_ENABLE_MODULES = YES;
				CLANG_ENABLE_OBJC_ARC = YES;
				CLANG_WARN_BOOL_CONVERSION = YES;
				CLANG_WARN_CONSTANT_CONVERSION = YES;
				CLANG_WARN_DIRECT_OBJC_ISA_USAGE = YES_ERROR;
				CLANG_WARN_DOCUMENTATION_COMMENTS = YES;
				CLANG_WARN_EMPTY_BODY = YES;
				CLANG_WARN_ENUM_CONVERSION = YES;
				CLANG_WARN_INFINITE_RECURSION = YES;
				CLANG_WARN_INT_CONVERSION = YES;
				CLANG_WARN_OBJC_ROOT_CLASS = YES_ERROR;
				CLANG_WARN_SUSPICIOUS_MOVE = YES;
				CLANG_WARN_UNREACHABLE_CODE = YES;
				CLANG_WARN__DUPLICATE_METHOD_MATCH = YES;
				"CODE_SIGN_IDENTITY[sdk=iphoneos*]" = "iPhone Developer";
				COPY_PHASE_STRIP = NO;
				DEBUG_INFORMATION_FORMAT = dwarf;
				ENABLE_STRICT_OBJC_MSGSEND = YES;
				ENABLE_TESTABILITY = YES;
				GCC_C_LANGUAGE_STANDARD = gnu99;
				GCC_DYNAMIC_NO_PIC = NO;
				GCC_NO_COMMON_BLOCKS = YES;
				GCC_OPTIMIZATION_LEVEL = 0;
				GCC_PREPROCESSOR_DEFINITIONS = (
					"DEBUG=1",
					"$(inherited)",
				);
				GCC_WARN_64_TO_32_BIT_CONVERSION = YES;
				GCC_WARN_ABOUT_RETURN_TYPE = YES_ERROR;
				GCC_WARN_UNDECLARED_SELECTOR = YES;
				GCC_WARN_UNINITIALIZED_AUTOS = YES_AGGRESSIVE;
				GCC_WARN_UNUSED_FUNCTION = YES;
				GCC_WARN_UNUSED_VARIABLE = YES;
				IPHONEOS_DEPLOYMENT_TARGET = 10.2;
				MTL_ENABLE_DEBUG_INFO = YES;
				ONLY_ACTIVE_ARCH = YES;
				SDKROOT = iphoneos;
				SWIFT_ACTIVE_COMPILATION_CONDITIONS = DEBUG;
				SWIFT_OPTIMIZATION_LEVEL = "-Onone";
			};
			name = Debug;
		};
		F040B9A01E765A8A00F2F8E2 /* Release */ = {
			isa = XCBuildConfiguration;
			buildSettings = {
				ALWAYS_SEARCH_USER_PATHS = NO;
				CLANG_ANALYZER_NONNULL = YES;
				CLANG_CXX_LANGUAGE_STANDARD = "gnu++0x";
				CLANG_CXX_LIBRARY = "libc++";
				CLANG_ENABLE_MODULES = YES;
				CLANG_ENABLE_OBJC_ARC = YES;
				CLANG_WARN_BOOL_CONVERSION = YES;
				CLANG_WARN_CONSTANT_CONVERSION = YES;
				CLANG_WARN_DIRECT_OBJC_ISA_USAGE = YES_ERROR;
				CLANG_WARN_DOCUMENTATION_COMMENTS = YES;
				CLANG_WARN_EMPTY_BODY = YES;
				CLANG_WARN_ENUM_CONVERSION = YES;
				CLANG_WARN_INFINITE_RECURSION = YES;
				CLANG_WARN_INT_CONVERSION = YES;
				CLANG_WARN_OBJC_ROOT_CLASS = YES_ERROR;
				CLANG_WARN_SUSPICIOUS_MOVE = YES;
				CLANG_WARN_UNREACHABLE_CODE = YES;
				CLANG_WARN__DUPLICATE_METHOD_MATCH = YES;
				"CODE_SIGN_IDENTITY[sdk=iphoneos*]" = "iPhone Developer";
				COPY_PHASE_STRIP = NO;
				DEBUG_INFORMATION_FORMAT = "dwarf-with-dsym";
				ENABLE_NS_ASSERTIONS = NO;
				ENABLE_STRICT_OBJC_MSGSEND = YES;
				GCC_C_LANGUAGE_STANDARD = gnu99;
				GCC_NO_COMMON_BLOCKS = YES;
				GCC_WARN_64_TO_32_BIT_CONVERSION = YES;
				GCC_WARN_ABOUT_RETURN_TYPE = YES_ERROR;
				GCC_WARN_UNDECLARED_SELECTOR = YES;
				GCC_WARN_UNINITIALIZED_AUTOS = YES_AGGRESSIVE;
				GCC_WARN_UNUSED_FUNCTION = YES;
				GCC_WARN_UNUSED_VARIABLE = YES;
				IPHONEOS_DEPLOYMENT_TARGET = 10.2;
				MTL_ENABLE_DEBUG_INFO = NO;
				SDKROOT = iphoneos;
				SWIFT_OPTIMIZATION_LEVEL = "-Owholemodule";
				VALIDATE_PRODUCT = YES;
			};
			name = Release;
		};
		F040B9A21E765A8A00F2F8E2 /* Debug */ = {
			isa = XCBuildConfiguration;
			buildSettings = {
				ASSETCATALOG_COMPILER_APPICON_NAME = AppIcon;
				DEVELOPMENT_TEAM = P47VF847NZ;
				INFOPLIST_FILE = "DSteilen-AddressHistory/Info.plist";
				LD_RUNPATH_SEARCH_PATHS = "$(inherited) @executable_path/Frameworks";
				PRODUCT_BUNDLE_IDENTIFIER = "DSteilen.DSteilen-AddressHistory";
				PRODUCT_NAME = "$(TARGET_NAME)";
				SWIFT_VERSION = 3.0;
			};
			name = Debug;
		};
		F040B9A31E765A8A00F2F8E2 /* Release */ = {
			isa = XCBuildConfiguration;
			buildSettings = {
				ASSETCATALOG_COMPILER_APPICON_NAME = AppIcon;
				DEVELOPMENT_TEAM = P47VF847NZ;
				INFOPLIST_FILE = "DSteilen-AddressHistory/Info.plist";
				LD_RUNPATH_SEARCH_PATHS = "$(inherited) @executable_path/Frameworks";
				PRODUCT_BUNDLE_IDENTIFIER = "DSteilen.DSteilen-AddressHistory";
				PRODUCT_NAME = "$(TARGET_NAME)";
				SWIFT_VERSION = 3.0;
			};
			name = Release;
		};
		F040B9A51E765A8A00F2F8E2 /* Debug */ = {
			isa = XCBuildConfiguration;
			buildSettings = {
				ALWAYS_EMBED_SWIFT_STANDARD_LIBRARIES = YES;
				BUNDLE_LOADER = "$(TEST_HOST)";
				DEVELOPMENT_TEAM = P47VF847NZ;
				INFOPLIST_FILE = "DSteilen-AddressHistoryTests/Info.plist";
				LD_RUNPATH_SEARCH_PATHS = "$(inherited) @executable_path/Frameworks @loader_path/Frameworks";
				PRODUCT_BUNDLE_IDENTIFIER = "DSteilen.DSteilen-AddressHistoryTests";
				PRODUCT_NAME = "$(TARGET_NAME)";
				SWIFT_VERSION = 3.0;
				TEST_HOST = "$(BUILT_PRODUCTS_DIR)/DSteilen-AddressHistory.app/DSteilen-AddressHistory";
			};
			name = Debug;
		};
		F040B9A61E765A8A00F2F8E2 /* Release */ = {
			isa = XCBuildConfiguration;
			buildSettings = {
				ALWAYS_EMBED_SWIFT_STANDARD_LIBRARIES = YES;
				BUNDLE_LOADER = "$(TEST_HOST)";
				DEVELOPMENT_TEAM = P47VF847NZ;
				INFOPLIST_FILE = "DSteilen-AddressHistoryTests/Info.plist";
				LD_RUNPATH_SEARCH_PATHS = "$(inherited) @executable_path/Frameworks @loader_path/Frameworks";
				PRODUCT_BUNDLE_IDENTIFIER = "DSteilen.DSteilen-AddressHistoryTests";
				PRODUCT_NAME = "$(TARGET_NAME)";
				SWIFT_VERSION = 3.0;
				TEST_HOST = "$(BUILT_PRODUCTS_DIR)/DSteilen-AddressHistory.app/DSteilen-AddressHistory";
			};
			name = Release;
		};
		F040B9A81E765A8A00F2F8E2 /* Debug */ = {
			isa = XCBuildConfiguration;
			buildSettings = {
				ALWAYS_EMBED_SWIFT_STANDARD_LIBRARIES = YES;
				DEVELOPMENT_TEAM = P47VF847NZ;
				INFOPLIST_FILE = "DSteilen-AddressHistoryUITests/Info.plist";
				LD_RUNPATH_SEARCH_PATHS = "$(inherited) @executable_path/Frameworks @loader_path/Frameworks";
				PRODUCT_BUNDLE_IDENTIFIER = "DSteilen.DSteilen-AddressHistoryUITests";
				PRODUCT_NAME = "$(TARGET_NAME)";
				SWIFT_VERSION = 3.0;
				TEST_TARGET_NAME = "DSteilen-AddressHistory";
			};
			name = Debug;
		};
		F040B9A91E765A8A00F2F8E2 /* Release */ = {
			isa = XCBuildConfiguration;
			buildSettings = {
				ALWAYS_EMBED_SWIFT_STANDARD_LIBRARIES = YES;
				DEVELOPMENT_TEAM = P47VF847NZ;
				INFOPLIST_FILE = "DSteilen-AddressHistoryUITests/Info.plist";
				LD_RUNPATH_SEARCH_PATHS = "$(inherited) @executable_path/Frameworks @loader_path/Frameworks";
				PRODUCT_BUNDLE_IDENTIFIER = "DSteilen.DSteilen-AddressHistoryUITests";
				PRODUCT_NAME = "$(TARGET_NAME)";
				SWIFT_VERSION = 3.0;
				TEST_TARGET_NAME = "DSteilen-AddressHistory";
			};
			name = Release;
		};
/* End XCBuildConfiguration section */

/* Begin XCConfigurationList section */
		F040B9741E765A8900F2F8E2 /* Build configuration list for PBXProject "DSteilen-AddressHistory" */ = {
			isa = XCConfigurationList;
			buildConfigurations = (
				F040B99F1E765A8A00F2F8E2 /* Debug */,
				F040B9A01E765A8A00F2F8E2 /* Release */,
			);
			defaultConfigurationIsVisible = 0;
			defaultConfigurationName = Release;
		};
		F040B9A11E765A8A00F2F8E2 /* Build configuration list for PBXNativeTarget "DSteilen-AddressHistory" */ = {
			isa = XCConfigurationList;
			buildConfigurations = (
				F040B9A21E765A8A00F2F8E2 /* Debug */,
				F040B9A31E765A8A00F2F8E2 /* Release */,
			);
			defaultConfigurationIsVisible = 0;
		};
		F040B9A41E765A8A00F2F8E2 /* Build configuration list for PBXNativeTarget "DSteilen-AddressHistoryTests" */ = {
			isa = XCConfigurationList;
			buildConfigurations = (
				F040B9A51E765A8A00F2F8E2 /* Debug */,
				F040B9A61E765A8A00F2F8E2 /* Release */,
			);
			defaultConfigurationIsVisible = 0;
		};
		F040B9A71E765A8A00F2F8E2 /* Build configuration list for PBXNativeTarget "DSteilen-AddressHistoryUITests" */ = {
			isa = XCConfigurationList;
			buildConfigurations = (
				F040B9A81E765A8A00F2F8E2 /* Debug */,
				F040B9A91E765A8A00F2F8E2 /* Release */,
			);
			defaultConfigurationIsVisible = 0;
		};
/* End XCConfigurationList section */
	};
	rootObject = F040B9711E765A8900F2F8E2 /* Project object */;
}
